
Microsoft Visual Studio Solution File, Format Version 12.00
# Visual Studio Version 17
VisualStudioVersion = 17.13.35825.156 d17.13
MinimumVisualStudioVersion = 10.0.40219.1
Project("{FAE04EC0-301F-11D3-BF4B-00C04F79EFBC}") = "samuel_leutner_DR1_TP2_C-Sharp", "samuel_leutner_DR1_TP2_C-Sharp\samuel_leutner_DR1_TP2_C-Sharp.csproj", "{9C8185BF-6448-42ED-AEAF-1FEFAB83CA9D}"
EndProject
Global
	GlobalSection(SolutionConfigurationPlatforms) = preSolution
		Debug|Any CPU = Debug|Any CPU
		Release|Any CPU = Release|Any CPU
	EndGlobalSection
	GlobalSection(ProjectConfigurationPlatforms) = postSolution
		{9C8185BF-6448-42ED-AEAF-1FEFAB83CA9D}.Debug|Any CPU.ActiveCfg = Debug|Any CPU
		{9C8185BF-6448-42ED-AEAF-1FEFAB83CA9D}.Debug|Any CPU.Build.0 = Debug|Any CPU
		{9C8185BF-6448-42ED-AEAF-1FEFAB83CA9D}.Release|Any CPU.ActiveCfg = Release|Any CPU
		{9C8185BF-6448-42ED-AEAF-1FEFAB83CA9D}.Release|Any CPU.Build.0 = Release|Any CPU
	EndGlobalSection
	GlobalSection(SolutionProperties) = preSolution
		HideSolutionNode = FALSE
	EndGlobalSection
	GlobalSection(ExtensibilityGlobals) = postSolution
		SolutionGuid = {1B1EBD5B-3FF8-420F-AA04-9CB6899DABE1}
	EndGlobalSection
EndGlobal
